
Microsoft Visual Studio Solution File, Format Version 12.00
# Visual Studio Version 17
VisualStudioVersion = 17.0.32126.317
MinimumVisualStudioVersion = 10.0.40219.1
Project("{FAE04EC0-301F-11D3-BF4B-00C04F79EFBC}") = "WebApplication9", "WebApplication9\WebApplication9.csproj", "{6F7A3DF6-30AA-47A1-9360-1962795CC785}"
EndProject
Global
	GlobalSection(SolutionConfigurationPlatforms) = preSolution
		Debug|Any CPU = Debug|Any CPU
		Release|Any CPU = Release|Any CPU
	EndGlobalSection
	GlobalSection(ProjectConfigurationPlatforms) = postSolution
		{6F7A3DF6-30AA-47A1-9360-1962795CC785}.Debug|Any CPU.ActiveCfg = Debug|Any CPU
		{6F7A3DF6-30AA-47A1-9360-1962795CC785}.Debug|Any CPU.Build.0 = Debug|Any CPU
		{6F7A3DF6-30AA-47A1-9360-1962795CC785}.Release|Any CPU.ActiveCfg = Release|Any CPU
		{6F7A3DF6-30AA-47A1-9360-1962795CC785}.Release|Any CPU.Build.0 = Release|Any CPU
	EndGlobalSection
	GlobalSection(SolutionProperties) = preSolution
		HideSolutionNode = FALSE
	EndGlobalSection
	GlobalSection(ExtensibilityGlobals) = postSolution
		SolutionGuid = {B5BACDF7-6EF1-4E22-BF42-8D625C492BBA}
	EndGlobalSection
EndGlobal
